
Microsoft Visual Studio Solution File, Format Version 12.00
# Visual Studio 15
Project("{FAE04EC0-301F-11D3-BF4B-00C04F79EFBC}") = "Assembly-CSharp", "Assembly-CSharp.csproj", "{CF15E39F-9097-CAE4-0A11-F2396D285BB9}"
EndProject
Project("{FAE04EC0-301F-11D3-BF4B-00C04F79EFBC}") = "Assembly-CSharp-Editor", "Assembly-CSharp-Editor.csproj", "{813EBE5C-D52B-C9F4-7855-CB19728C0DD2}"
EndProject
Global
	GlobalSection(SolutionConfigurationPlatforms) = preSolution
		Debug|Any CPU = Debug|Any CPU
		Release|Any CPU = Release|Any CPU
	EndGlobalSection
	GlobalSection(ProjectConfigurationPlatforms) = postSolution
		{CF15E39F-9097-CAE4-0A11-F2396D285BB9}.Debug|Any CPU.ActiveCfg = Debug|Any CPU
		{CF15E39F-9097-CAE4-0A11-F2396D285BB9}.Debug|Any CPU.Build.0 = Debug|Any CPU
		{CF15E39F-9097-CAE4-0A11-F2396D285BB9}.Release|Any CPU.ActiveCfg = Release|Any CPU
		{CF15E39F-9097-CAE4-0A11-F2396D285BB9}.Release|Any CPU.Build.0 = Release|Any CPU
		{813EBE5C-D52B-C9F4-7855-CB19728C0DD2}.Debug|Any CPU.ActiveCfg = Debug|Any CPU
		{813EBE5C-D52B-C9F4-7855-CB19728C0DD2}.Debug|Any CPU.Build.0 = Debug|Any CPU
		{813EBE5C-D52B-C9F4-7855-CB19728C0DD2}.Release|Any CPU.ActiveCfg = Release|Any CPU
		{813EBE5C-D52B-C9F4-7855-CB19728C0DD2}.Release|Any CPU.Build.0 = Release|Any CPU
	EndGlobalSection
	GlobalSection(SolutionProperties) = preSolution
		HideSolutionNode = FALSE
	EndGlobalSection
EndGlobal
